
Microsoft Visual Studio Solution File, Format Version 12.00
# Visual Studio Version 16
VisualStudioVersion = 16.0.31229.75
MinimumVisualStudioVersion = 10.0.40219.1
Project("{2150E333-8FDC-42A3-9474-1A3956D46DE8}") = "Services", "Services", "{5E71C019-54D3-4B1A-B1A0-89F7569426C9}"
EndProject
Project("{2150E333-8FDC-42A3-9474-1A3956D46DE8}") = "Catalog", "Catalog", "{7C0A6306-2DE3-4BD5-9042-98070E6F098B}"
EndProject
Project("{9A19103F-16F7-4668-BE54-9A1E7A4F7556}") = "Catalog.API", "Services\Catalog\Catalog.API\Catalog.API.csproj", "{B818D407-4131-4E42-90BC-2A4B2C4CB648}"
EndProject
Project("{E53339B2-1760-4266-BCC7-CA923CBCF16C}") = "docker-compose", "docker-compose.dcproj", "{F9E79036-6137-4A55-B12F-D8EF98946626}"
EndProject
Project("{2150E333-8FDC-42A3-9474-1A3956D46DE8}") = "Basket", "Basket", "{3E1E4F71-0B84-4277-BC8E-875121283A75}"
EndProject
Project("{9A19103F-16F7-4668-BE54-9A1E7A4F7556}") = "Basket.API", "Services\Basket\Basket.API\Basket.API.csproj", "{75DBA0AF-19E2-4121-886C-13FF6C6934E1}"
EndProject
Project("{2150E333-8FDC-42A3-9474-1A3956D46DE8}") = "Discount", "Discount", "{44D0C069-0109-4F6E-AECA-28463811662E}"
EndProject
Project("{9A19103F-16F7-4668-BE54-9A1E7A4F7556}") = "Discount.API", "Services\Discount\Discount.API\Discount.API.csproj", "{02879829-226B-47BC-80FE-1516471D2941}"
EndProject
Project("{9A19103F-16F7-4668-BE54-9A1E7A4F7556}") = "Discount.Grpc", "Services\Discount\Discount.Grpc\Discount.Grpc.csproj", "{F65CF5CB-39C4-42CF-840C-9C00604B9E6B}"
EndProject
Project("{2150E333-8FDC-42A3-9474-1A3956D46DE8}") = "Ordering", "Ordering", "{71D4E9D3-89F2-4B16-9641-8A5C470D42B6}"
EndProject
Project("{FAE04EC0-301F-11D3-BF4B-00C04F79EFBC}") = "Ordering.API", "Services\Ordering\Ordering.API\Ordering.API.csproj", "{F2105596-18A1-4265-A277-FE0DD7B931EA}"
EndProject
Project("{FAE04EC0-301F-11D3-BF4B-00C04F79EFBC}") = "Ordering.Domain", "Services\Ordering\Ordering.Domain\Ordering.Domain.csproj", "{6E9ED22B-D68C-4EF0-AEFA-3FF4B78A9E88}"
EndProject
Project("{FAE04EC0-301F-11D3-BF4B-00C04F79EFBC}") = "Ordering.Application", "Services\Ordering\Ordering.Application\Ordering.Application.csproj", "{BDF624F3-B581-49DD-8000-787C9A447D6B}"
EndProject
Project("{FAE04EC0-301F-11D3-BF4B-00C04F79EFBC}") = "Ordering.Infrastructure", "Services\Ordering\Ordering.Infrastructure\Ordering.Infrastructure.csproj", "{E9F0F112-A635-45EC-9AA5-ED0E8D7616A2}"
EndProject
Global
	GlobalSection(SolutionConfigurationPlatforms) = preSolution
		Debug|Any CPU = Debug|Any CPU
		Release|Any CPU = Release|Any CPU
	EndGlobalSection
	GlobalSection(ProjectConfigurationPlatforms) = postSolution
		{B818D407-4131-4E42-90BC-2A4B2C4CB648}.Debug|Any CPU.ActiveCfg = Debug|Any CPU
		{B818D407-4131-4E42-90BC-2A4B2C4CB648}.Debug|Any CPU.Build.0 = Debug|Any CPU
		{B818D407-4131-4E42-90BC-2A4B2C4CB648}.Release|Any CPU.ActiveCfg = Release|Any CPU
		{B818D407-4131-4E42-90BC-2A4B2C4CB648}.Release|Any CPU.Build.0 = Release|Any CPU
		{F9E79036-6137-4A55-B12F-D8EF98946626}.Debug|Any CPU.ActiveCfg = Debug|Any CPU
		{F9E79036-6137-4A55-B12F-D8EF98946626}.Debug|Any CPU.Build.0 = Debug|Any CPU
		{F9E79036-6137-4A55-B12F-D8EF98946626}.Release|Any CPU.ActiveCfg = Release|Any CPU
		{F9E79036-6137-4A55-B12F-D8EF98946626}.Release|Any CPU.Build.0 = Release|Any CPU
		{75DBA0AF-19E2-4121-886C-13FF6C6934E1}.Debug|Any CPU.ActiveCfg = Debug|Any CPU
		{75DBA0AF-19E2-4121-886C-13FF6C6934E1}.Debug|Any CPU.Build.0 = Debug|Any CPU
		{75DBA0AF-19E2-4121-886C-13FF6C6934E1}.Release|Any CPU.ActiveCfg = Release|Any CPU
		{75DBA0AF-19E2-4121-886C-13FF6C6934E1}.Release|Any CPU.Build.0 = Release|Any CPU
		{02879829-226B-47BC-80FE-1516471D2941}.Debug|Any CPU.ActiveCfg = Debug|Any CPU
		{02879829-226B-47BC-80FE-1516471D2941}.Debug|Any CPU.Build.0 = Debug|Any CPU
		{02879829-226B-47BC-80FE-1516471D2941}.Release|Any CPU.ActiveCfg = Release|Any CPU
		{02879829-226B-47BC-80FE-1516471D2941}.Release|Any CPU.Build.0 = Release|Any CPU
		{F65CF5CB-39C4-42CF-840C-9C00604B9E6B}.Debug|Any CPU.ActiveCfg = Debug|Any CPU
		{F65CF5CB-39C4-42CF-840C-9C00604B9E6B}.Debug|Any CPU.Build.0 = Debug|Any CPU
		{F65CF5CB-39C4-42CF-840C-9C00604B9E6B}.Release|Any CPU.ActiveCfg = Release|Any CPU
		{F65CF5CB-39C4-42CF-840C-9C00604B9E6B}.Release|Any CPU.Build.0 = Release|Any CPU
		{F2105596-18A1-4265-A277-FE0DD7B931EA}.Debug|Any CPU.ActiveCfg = Debug|Any CPU
		{F2105596-18A1-4265-A277-FE0DD7B931EA}.Debug|Any CPU.Build.0 = Debug|Any CPU
		{F2105596-18A1-4265-A277-FE0DD7B931EA}.Release|Any CPU.ActiveCfg = Release|Any CPU
		{F2105596-18A1-4265-A277-FE0DD7B931EA}.Release|Any CPU.Build.0 = Release|Any CPU
		{6E9ED22B-D68C-4EF0-AEFA-3FF4B78A9E88}.Debug|Any CPU.ActiveCfg = Debug|Any CPU
		{6E9ED22B-D68C-4EF0-AEFA-3FF4B78A9E88}.Debug|Any CPU.Build.0 = Debug|Any CPU
		{6E9ED22B-D68C-4EF0-AEFA-3FF4B78A9E88}.Release|Any CPU.ActiveCfg = Release|Any CPU
		{6E9ED22B-D68C-4EF0-AEFA-3FF4B78A9E88}.Release|Any CPU.Build.0 = Release|Any CPU
		{BDF624F3-B581-49DD-8000-787C9A447D6B}.Debug|Any CPU.ActiveCfg = Debug|Any CPU
		{BDF624F3-B581-49DD-8000-787C9A447D6B}.Debug|Any CPU.Build.0 = Debug|Any CPU
		{BDF624F3-B581-49DD-8000-787C9A447D6B}.Release|Any CPU.ActiveCfg = Release|Any CPU
		{BDF624F3-B581-49DD-8000-787C9A447D6B}.Release|Any CPU.Build.0 = Release|Any CPU
		{E9F0F112-A635-45EC-9AA5-ED0E8D7616A2}.Debug|Any CPU.ActiveCfg = Debug|Any CPU
		{E9F0F112-A635-45EC-9AA5-ED0E8D7616A2}.Debug|Any CPU.Build.0 = Debug|Any CPU
		{E9F0F112-A635-45EC-9AA5-ED0E8D7616A2}.Release|Any CPU.ActiveCfg = Release|Any CPU
		{E9F0F112-A635-45EC-9AA5-ED0E8D7616A2}.Release|Any CPU.Build.0 = Release|Any CPU
	EndGlobalSection
	GlobalSection(SolutionProperties) = preSolution
		HideSolutionNode = FALSE
	EndGlobalSection
	GlobalSection(NestedProjects) = preSolution
		{7C0A6306-2DE3-4BD5-9042-98070E6F098B} = {5E71C019-54D3-4B1A-B1A0-89F7569426C9}
		{B818D407-4131-4E42-90BC-2A4B2C4CB648} = {7C0A6306-2DE3-4BD5-9042-98070E6F098B}
		{3E1E4F71-0B84-4277-BC8E-875121283A75} = {5E71C019-54D3-4B1A-B1A0-89F7569426C9}
		{75DBA0AF-19E2-4121-886C-13FF6C6934E1} = {3E1E4F71-0B84-4277-BC8E-875121283A75}
		{44D0C069-0109-4F6E-AECA-28463811662E} = {5E71C019-54D3-4B1A-B1A0-89F7569426C9}
		{02879829-226B-47BC-80FE-1516471D2941} = {44D0C069-0109-4F6E-AECA-28463811662E}
		{F65CF5CB-39C4-42CF-840C-9C00604B9E6B} = {44D0C069-0109-4F6E-AECA-28463811662E}
		{71D4E9D3-89F2-4B16-9641-8A5C470D42B6} = {5E71C019-54D3-4B1A-B1A0-89F7569426C9}
		{F2105596-18A1-4265-A277-FE0DD7B931EA} = {71D4E9D3-89F2-4B16-9641-8A5C470D42B6}
		{6E9ED22B-D68C-4EF0-AEFA-3FF4B78A9E88} = {71D4E9D3-89F2-4B16-9641-8A5C470D42B6}
		{BDF624F3-B581-49DD-8000-787C9A447D6B} = {71D4E9D3-89F2-4B16-9641-8A5C470D42B6}
		{E9F0F112-A635-45EC-9AA5-ED0E8D7616A2} = {71D4E9D3-89F2-4B16-9641-8A5C470D42B6}
	EndGlobalSection
	GlobalSection(ExtensibilityGlobals) = postSolution
		SolutionGuid = {B77B63B4-A6FF-4415-A3B3-2C25B6615ACF}
	EndGlobalSection
EndGlobal
